
Microsoft Visual Studio Solution File, Format Version 11.00
# Visual Studio 2010
Project("{FAE04EC0-301F-11D3-BF4B-00C04F79EFBC}") = "Gradu8 ver 8", "Assembly-CSharp-firstpass.csproj", "{4C43F77B-1DE8-1764-B2F5-2D0361E14E79}"
EndProject
Project("{FAE04EC0-301F-11D3-BF4B-00C04F79EFBC}") = "Gradu8 ver 8", "Assembly-CSharp.csproj", "{7F4A0746-616E-1CDE-E4B5-4FF375316466}"
EndProject
Project("{FAE04EC0-301F-11D3-BF4B-00C04F79EFBC}") = "Gradu8 ver 8", "Assembly-CSharp-Editor-firstpass.csproj", "{37174D39-0317-108D-CF44-B4DADA31990C}"
EndProject
Global
	GlobalSection(SolutionConfigurationPlatforms) = preSolution
		Debug|Any CPU = Debug|Any CPU
		Release|Any CPU = Release|Any CPU
	EndGlobalSection
	GlobalSection(ProjectConfigurationPlatforms) = postSolution
		{4C43F77B-1DE8-1764-B2F5-2D0361E14E79}.Debug|Any CPU.ActiveCfg = Debug|Any CPU
		{4C43F77B-1DE8-1764-B2F5-2D0361E14E79}.Debug|Any CPU.Build.0 = Debug|Any CPU
		{4C43F77B-1DE8-1764-B2F5-2D0361E14E79}.Release|Any CPU.ActiveCfg = Release|Any CPU
		{4C43F77B-1DE8-1764-B2F5-2D0361E14E79}.Release|Any CPU.Build.0 = Release|Any CPU
		{7F4A0746-616E-1CDE-E4B5-4FF375316466}.Debug|Any CPU.ActiveCfg = Debug|Any CPU
		{7F4A0746-616E-1CDE-E4B5-4FF375316466}.Debug|Any CPU.Build.0 = Debug|Any CPU
		{7F4A0746-616E-1CDE-E4B5-4FF375316466}.Release|Any CPU.ActiveCfg = Release|Any CPU
		{7F4A0746-616E-1CDE-E4B5-4FF375316466}.Release|Any CPU.Build.0 = Release|Any CPU
		{37174D39-0317-108D-CF44-B4DADA31990C}.Debug|Any CPU.ActiveCfg = Debug|Any CPU
		{37174D39-0317-108D-CF44-B4DADA31990C}.Debug|Any CPU.Build.0 = Debug|Any CPU
		{37174D39-0317-108D-CF44-B4DADA31990C}.Release|Any CPU.ActiveCfg = Release|Any CPU
		{37174D39-0317-108D-CF44-B4DADA31990C}.Release|Any CPU.Build.0 = Release|Any CPU
	EndGlobalSection
	GlobalSection(SolutionProperties) = preSolution
		HideSolutionNode = FALSE
	EndGlobalSection
	GlobalSection(MonoDevelopProperties) = preSolution
		StartupItem = Assembly-CSharp.csproj
	EndGlobalSection
EndGlobal
