
Microsoft Visual Studio Solution File, Format Version 11.00
# Visual Studio 2010
Project("{FAE04EC0-301F-11D3-BF4B-00C04F79EFBC}") = "Gradu8", "Assembly-CSharp-firstpass.csproj", "{8327CA75-D7D6-9F37-A4EB-8811D6040957}"
EndProject
Project("{FAE04EC0-301F-11D3-BF4B-00C04F79EFBC}") = "Gradu8", "Assembly-CSharp.csproj", "{758D9B08-2BA2-2D0C-B786-10261652514D}"
EndProject
Project("{FAE04EC0-301F-11D3-BF4B-00C04F79EFBC}") = "Gradu8", "Assembly-CSharp-Editor-firstpass.csproj", "{9979595D-7D2A-6471-92F6-DB0378914314}"
EndProject
Global
	GlobalSection(SolutionConfigurationPlatforms) = preSolution
		Debug|Any CPU = Debug|Any CPU
		Release|Any CPU = Release|Any CPU
	EndGlobalSection
	GlobalSection(ProjectConfigurationPlatforms) = postSolution
		{8327CA75-D7D6-9F37-A4EB-8811D6040957}.Debug|Any CPU.ActiveCfg = Debug|Any CPU
		{8327CA75-D7D6-9F37-A4EB-8811D6040957}.Debug|Any CPU.Build.0 = Debug|Any CPU
		{8327CA75-D7D6-9F37-A4EB-8811D6040957}.Release|Any CPU.ActiveCfg = Release|Any CPU
		{8327CA75-D7D6-9F37-A4EB-8811D6040957}.Release|Any CPU.Build.0 = Release|Any CPU
		{758D9B08-2BA2-2D0C-B786-10261652514D}.Debug|Any CPU.ActiveCfg = Debug|Any CPU
		{758D9B08-2BA2-2D0C-B786-10261652514D}.Debug|Any CPU.Build.0 = Debug|Any CPU
		{758D9B08-2BA2-2D0C-B786-10261652514D}.Release|Any CPU.ActiveCfg = Release|Any CPU
		{758D9B08-2BA2-2D0C-B786-10261652514D}.Release|Any CPU.Build.0 = Release|Any CPU
		{9979595D-7D2A-6471-92F6-DB0378914314}.Debug|Any CPU.ActiveCfg = Debug|Any CPU
		{9979595D-7D2A-6471-92F6-DB0378914314}.Debug|Any CPU.Build.0 = Debug|Any CPU
		{9979595D-7D2A-6471-92F6-DB0378914314}.Release|Any CPU.ActiveCfg = Release|Any CPU
		{9979595D-7D2A-6471-92F6-DB0378914314}.Release|Any CPU.Build.0 = Release|Any CPU
	EndGlobalSection
	GlobalSection(SolutionProperties) = preSolution
		HideSolutionNode = FALSE
	EndGlobalSection
	GlobalSection(MonoDevelopProperties) = preSolution
		StartupItem = Assembly-CSharp.csproj
	EndGlobalSection
EndGlobal
