
Microsoft Visual Studio Solution File, Format Version 12.00
# Visual Studio 2017
Project("{FAE04EC0-301F-11D3-BF4B-00C04F79EFBC}") = "Gradu8-master.Plugins", "Gradu8-master.Plugins.csproj", "{5B0D7F25-CF32-FB6E-0C53-7974C6086F92}"
EndProject
Project("{FAE04EC0-301F-11D3-BF4B-00C04F79EFBC}") = "Gradu8-master", "Gradu8-master.csproj", "{D9BAC674-370B-ED2D-BC01-C0EE23A12122}"
EndProject
Project("{FAE04EC0-301F-11D3-BF4B-00C04F79EFBC}") = "Gradu8-master.Editor.Plugins", "Gradu8-master.Editor.Plugins.csproj", "{C5B2322B-02EA-9C6E-5EB2-EEF79C19E968}"
EndProject
Project("{FAE04EC0-301F-11D3-BF4B-00C04F79EFBC}") = "Gradu8-master.Editor", "Gradu8-master.Editor.csproj", "{82A2382B-50B5-6A47-86E2-023720E210CB}"
EndProject
Global
	GlobalSection(SolutionConfigurationPlatforms) = preSolution
		Debug|Any CPU = Debug|Any CPU
		Release|Any CPU = Release|Any CPU
	EndGlobalSection
	GlobalSection(ProjectConfigurationPlatforms) = postSolution
		{5B0D7F25-CF32-FB6E-0C53-7974C6086F92}.Debug|Any CPU.ActiveCfg = Debug|Any CPU
		{5B0D7F25-CF32-FB6E-0C53-7974C6086F92}.Debug|Any CPU.Build.0 = Debug|Any CPU
		{5B0D7F25-CF32-FB6E-0C53-7974C6086F92}.Release|Any CPU.ActiveCfg = Release|Any CPU
		{5B0D7F25-CF32-FB6E-0C53-7974C6086F92}.Release|Any CPU.Build.0 = Release|Any CPU
		{D9BAC674-370B-ED2D-BC01-C0EE23A12122}.Debug|Any CPU.ActiveCfg = Debug|Any CPU
		{D9BAC674-370B-ED2D-BC01-C0EE23A12122}.Debug|Any CPU.Build.0 = Debug|Any CPU
		{D9BAC674-370B-ED2D-BC01-C0EE23A12122}.Release|Any CPU.ActiveCfg = Release|Any CPU
		{D9BAC674-370B-ED2D-BC01-C0EE23A12122}.Release|Any CPU.Build.0 = Release|Any CPU
		{C5B2322B-02EA-9C6E-5EB2-EEF79C19E968}.Debug|Any CPU.ActiveCfg = Debug|Any CPU
		{C5B2322B-02EA-9C6E-5EB2-EEF79C19E968}.Debug|Any CPU.Build.0 = Debug|Any CPU
		{C5B2322B-02EA-9C6E-5EB2-EEF79C19E968}.Release|Any CPU.ActiveCfg = Release|Any CPU
		{C5B2322B-02EA-9C6E-5EB2-EEF79C19E968}.Release|Any CPU.Build.0 = Release|Any CPU
		{82A2382B-50B5-6A47-86E2-023720E210CB}.Debug|Any CPU.ActiveCfg = Debug|Any CPU
		{82A2382B-50B5-6A47-86E2-023720E210CB}.Debug|Any CPU.Build.0 = Debug|Any CPU
		{82A2382B-50B5-6A47-86E2-023720E210CB}.Release|Any CPU.ActiveCfg = Release|Any CPU
		{82A2382B-50B5-6A47-86E2-023720E210CB}.Release|Any CPU.Build.0 = Release|Any CPU
	EndGlobalSection
	GlobalSection(SolutionProperties) = preSolution
		HideSolutionNode = FALSE
	EndGlobalSection
EndGlobal
